{
  "originHash" : "428a2f9d47aeb2a198b8f8e0feeb35cd23abf80818596c55f15edd8ccf4422b2",
  "pins" : [
    {
      "identity" : "launchatlogin-modern",
      "kind" : "remoteSourceControl",
      "location" : "https://github.com/sindresorhus/LaunchAtLogin-Modern",
      "state" : {
        "revision" : "a04ec1c363be3627734f6dad757d82f5d4fa8fcc",
        "version" : "1.1.0"
      }
    },
    {
      "identity" : "purchases-ios-spm",
      "kind" : "remoteSourceControl",
      "location" : "https://github.com/RevenueCat/purchases-ios-spm.git",
      "state" : {
        "revision" : "a1bf83fc76099c3d801aa7fc2543c3b9e488cd00",
        "version" : "5.67.0"
      }
    }
  ],
  "version" : 3
}
