{
  "originHash" : "1369f151f95761f1bf9cf18a2785cd1fabfbdad7c52a96eb320b7bbdb84e7f52",
  "pins" : [
    {
      "identity" : "confettiswiftui",
      "kind" : "remoteSourceControl",
      "location" : "https://github.com/simibac/ConfettiSwiftUI",
      "state" : {
        "revision" : "9ae5bc2ce2149980884d4612321c3a266d6bf82c",
        "version" : "3.0.0"
      }
    },
    {
      "identity" : "defaults",
      "kind" : "remoteSourceControl",
      "location" : "https://github.com/Feng6611/Defaults",
      "state" : {
        "revision" : "5bfac4928f000fabdbef7e4ed0251399bb0841c9",
        "version" : "9.0.8"
      }
    },
    {
      "identity" : "launchatlogin-modern",
      "kind" : "remoteSourceControl",
      "location" : "https://github.com/Feng6611/LaunchAtLogin-Modern",
      "state" : {
        "revision" : "a04ec1c363be3627734f6dad757d82f5d4fa8fcc",
        "version" : "1.1.0"
      }
    },
    {
      "identity" : "purchases-ios-spm",
      "kind" : "remoteSourceControl",
      "location" : "https://github.com/RevenueCat/purchases-ios-spm.git",
      "state" : {
        "revision" : "a1bf83fc76099c3d801aa7fc2543c3b9e488cd00",
        "version" : "5.67.0"
      }
    },
    {
      "identity" : "swift-syntax",
      "kind" : "remoteSourceControl",
      "location" : "https://github.com/swiftlang/swift-syntax",
      "state" : {
        "revision" : "9de99a78f099e59caf2b2beec65a4c45d54b2081",
        "version" : "603.0.1"
      }
    }
  ],
  "version" : 3
}
