<?xml version="1.0" encoding="UTF-8"?>
<Scheme
   LastUpgradeVersion = "2630"
   version = "1.7">
   <BuildAction
      parallelizeBuildables = "YES"
      buildImplicitDependencies = "YES"
      buildArchitectures = "Automatic">
      <BuildActionEntries>
         <BuildActionEntry
            buildForTesting = "YES"
            buildForRunning = "YES"
            buildForProfiling = "YES"
            buildForArchiving = "YES"
            buildForAnalyzing = "YES">
            <BuildableReference
               BuildableIdentifier = "primary"
               BlueprintIdentifier = "748FCE1A2EB5027A0099C190"
               BuildableName = "Command Reopen.app"
               BlueprintName = "Command Reopen"
               ReferencedContainer = "container:ComTab.xcodeproj">
            </BuildableReference>
         </BuildActionEntry>
      </BuildActionEntries>
   </BuildAction>
   <TestAction
      buildConfiguration = "Debug"
      selectedDebuggerIdentifier = "Xcode.DebuggerFoundation.Debugger.LLDB"
      selectedLauncherIdentifier = "Xcode.DebuggerFoundation.Launcher.LLDB"
      shouldUseLaunchSchemeArgsEnv = "YES"
      shouldAutocreateTestPlan = "YES">
      <Testables>
         <TestableReference
            skipped = "NO"
            parallelizable = "YES">
            <BuildableReference
               BuildableIdentifier = "primary"
               BlueprintIdentifier = "748FCE2C2EB5027D0099C190"
               BuildableName = "ComTabTests.xctest"
               BlueprintName = "ComTabTests"
               ReferencedContainer = "container:ComTab.xcodeproj">
            </BuildableReference>
         </TestableReference>
         <TestableReference
            skipped = "NO"
            parallelizable = "YES">
            <BuildableReference
               BuildableIdentifier = "primary"
               BlueprintIdentifier = "748FCE362EB5027D0099C190"
               BuildableName = "ComTabUITests.xctest"
               BlueprintName = "ComTabUITests"
               ReferencedContainer = "container:ComTab.xcodeproj">
            </BuildableReference>
         </TestableReference>
      </Testables>
   </TestAction>
   <LaunchAction
      buildConfiguration = "Debug"
      selectedDebuggerIdentifier = "Xcode.DebuggerFoundation.Debugger.LLDB"
      selectedLauncherIdentifier = "Xcode.DebuggerFoundation.Launcher.LLDB"
      launchStyle = "0"
      useCustomWorkingDirectory = "NO"
      ignoresPersistentStateOnLaunch = "NO"
      debugDocumentVersioning = "YES"
      debugServiceExtension = "internal"
      allowLocationSimulation = "YES">
      <BuildableProductRunnable
         runnableDebuggingMode = "0">
         <BuildableReference
            BuildableIdentifier = "primary"
            BlueprintIdentifier = "748FCE1A2EB5027A0099C190"
            BuildableName = "Command Reopen.app"
            BlueprintName = "Command Reopen"
            ReferencedContainer = "container:ComTab.xcodeproj">
         </BuildableReference>
      </BuildableProductRunnable>
   </LaunchAction>
   <ProfileAction
      buildConfiguration = "Release"
      shouldUseLaunchSchemeArgsEnv = "YES"
      savedToolIdentifier = ""
      useCustomWorkingDirectory = "NO"
      debugDocumentVersioning = "YES">
      <BuildableProductRunnable
         runnableDebuggingMode = "0">
         <BuildableReference
            BuildableIdentifier = "primary"
            BlueprintIdentifier = "748FCE1A2EB5027A0099C190"
            BuildableName = "Command Reopen.app"
            BlueprintName = "Command Reopen"
            ReferencedContainer = "container:ComTab.xcodeproj">
         </BuildableReference>
      </BuildableProductRunnable>
   </ProfileAction>
   <AnalyzeAction
      buildConfiguration = "Debug">
   </AnalyzeAction>
   <ArchiveAction
      buildConfiguration = "Release"
      customArchiveName = "command reopen"
      revealArchiveInOrganizer = "YES">
      <PostActions>
         <ExecutionAction
            ActionType = "Xcode.IDEStandardExecutionActionsCore.ExecutionActionType.ShellScriptAction">
            <ActionContent
               title = "Auto Increment Build Number"
               scriptText = "set -eu&#10;&#10;if [ &quot;${SKIP_AUTO_INCREMENT_BUILD_NUMBER:-0}&quot; = &quot;1&quot; ]; then&#10;  echo &quot;note: Skipping build number bump because SKIP_AUTO_INCREMENT_BUILD_NUMBER=1&quot;&#10;  exit 0&#10;fi&#10;&#10;if [ &quot;${CI:-}&quot; = &quot;1&quot; ] || [ &quot;${CI:-}&quot; = &quot;true&quot; ]; then&#10;  echo &quot;note: Skipping build number bump on CI&quot;&#10;  exit 0&#10;fi&#10;&#10;if [ &quot;${ACTION:-}&quot; != &quot;install&quot; ]; then&#10;  echo &quot;note: Skipping build number bump because ACTION=${ACTION:-unset} (archive only)&quot;&#10;  exit 0&#10;fi&#10;&#10;VERSION_FILE=&quot;${SRCROOT}/Config/BuildNumber.xcconfig&quot;&#10;&#10;if [ ! -f &quot;${VERSION_FILE}&quot; ]; then&#10;  echo &quot;error: Missing build number file at ${VERSION_FILE}&quot; &gt;&amp;2&#10;  exit 1&#10;fi&#10;&#10;current_version=&quot;$(/usr/bin/awk -F &apos;=&apos; &apos;&#10;  /^[[:space:]]*CURRENT_PROJECT_VERSION[[:space:]]*=/ {&#10;    gsub(/[[:space:]]/, &quot;&quot;, $2)&#10;    print $2&#10;    exit&#10;  }&#10;&apos; &quot;${VERSION_FILE}&quot;)&quot;&#10;&#10;if [ -z &quot;${current_version}&quot; ]; then&#10;  echo &quot;error: CURRENT_PROJECT_VERSION is missing from ${VERSION_FILE}&quot; &gt;&amp;2&#10;  exit 1&#10;fi&#10;&#10;case &quot;${current_version}&quot; in&#10;  &apos;&apos;|*[!0-9]*)&#10;    echo &quot;error: CURRENT_PROJECT_VERSION must be an integer, got &apos;${current_version}&apos;&quot; &gt;&amp;2&#10;    exit 1&#10;    ;;&#10;esac&#10;&#10;next_version=$((current_version + 1))&#10;&#10;/usr/bin/sed -E -i &apos;&apos; \&#10;  &quot;s/^[[:space:]]*CURRENT_PROJECT_VERSION[[:space:]]*=[[:space:]]*[0-9]+[[:space:]]*$/CURRENT_PROJECT_VERSION = ${next_version}/&quot; \&#10;  &quot;${VERSION_FILE}&quot;&#10;&#10;echo &quot;note: Bumped build number from ${current_version} to ${next_version} for the next build&quot;">
               <EnvironmentBuildable>
                  <BuildableReference
                     BuildableIdentifier = "primary"
                     BlueprintIdentifier = "748FCE1A2EB5027A0099C190"
                     BuildableName = "Command Reopen.app"
                     BlueprintName = "Command Reopen"
                     ReferencedContainer = "container:ComTab.xcodeproj">
                  </BuildableReference>
               </EnvironmentBuildable>
            </ActionContent>
         </ExecutionAction>
      </PostActions>
   </ArchiveAction>
</Scheme>
