// !$*UTF8*$!
{
	archiveVersion = 1;
	classes = {
	};
	objectVersion = 77;
	objects = {

/* Begin PBXBuildFile section */
		74ADB29A2EF8287D00FA6DAD /* CommandTab.icon in Resources */ = {isa = PBXBuildFile; fileRef = 74ADB2992EF8287D00FA6DAD /* CommandTab.icon */; };
		74ADB29B2EF8287D00FA6DAD /* CommandTab.icon in Resources */ = {isa = PBXBuildFile; fileRef = 74ADB2992EF8287D00FA6DAD /* CommandTab.icon */; };
		74ADB29C2EF8287D00FA6DAD /* CommandTab.icon in Resources */ = {isa = PBXBuildFile; fileRef = 74ADB2992EF8287D00FA6DAD /* CommandTab.icon */; };
/* End PBXBuildFile section */

/* Begin PBXContainerItemProxy section */
		748FCE2E2EB5027D0099C190 /* PBXContainerItemProxy */ = {
			isa = PBXContainerItemProxy;
			containerPortal = 748FCE132EB5027A0099C190 /* Project object */;
			proxyType = 1;
			remoteGlobalIDString = 748FCE1A2EB5027A0099C190;
			remoteInfo = ComTab;
		};
		748FCE382EB5027D0099C190 /* PBXContainerItemProxy */ = {
			isa = PBXContainerItemProxy;
			containerPortal = 748FCE132EB5027A0099C190 /* Project object */;
			proxyType = 1;
			remoteGlobalIDString = 748FCE1A2EB5027A0099C190;
			remoteInfo = ComTab;
		};
/* End PBXContainerItemProxy section */

/* Begin PBXFileReference section */
		748FCE1B2EB5027B0099C190 /* Command Reopen.app */ = {isa = PBXFileReference; explicitFileType = wrapper.application; includeInIndex = 0; path = "Command Reopen.app"; sourceTree = BUILT_PRODUCTS_DIR; };
		748FCE2D2EB5027D0099C190 /* ComTabTests.xctest */ = {isa = PBXFileReference; explicitFileType = wrapper.cfbundle; includeInIndex = 0; path = ComTabTests.xctest; sourceTree = BUILT_PRODUCTS_DIR; };
		748FCE372EB5027D0099C190 /* ComTabUITests.xctest */ = {isa = PBXFileReference; explicitFileType = wrapper.cfbundle; includeInIndex = 0; path = ComTabUITests.xctest; sourceTree = BUILT_PRODUCTS_DIR; };
		74ADB2992EF8287D00FA6DAD /* CommandTab.icon */ = {isa = PBXFileReference; lastKnownFileType = folder.iconcomposer.icon; path = CommandTab.icon; sourceTree = "<group>"; };
/* End PBXFileReference section */

/* Begin PBXFileSystemSynchronizedRootGroup section */
		748FCE1D2EB5027B0099C190 /* ComTab */ = {
			isa = PBXFileSystemSynchronizedRootGroup;
			path = ComTab;
			sourceTree = "<group>";
		};
		748FCE302EB5027D0099C190 /* ComTabTests */ = {
			isa = PBXFileSystemSynchronizedRootGroup;
			path = ComTabTests;
			sourceTree = "<group>";
		};
		748FCE3A2EB5027D0099C190 /* ComTabUITests */ = {
			isa = PBXFileSystemSynchronizedRootGroup;
			path = ComTabUITests;
			sourceTree = "<group>";
		};
/* End PBXFileSystemSynchronizedRootGroup section */

/* Begin PBXFrameworksBuildPhase section */
		748FCE182EB5027A0099C190 /* Frameworks */ = {
			isa = PBXFrameworksBuildPhase;
			buildActionMask = 2147483647;
			files = (
			);
			runOnlyForDeploymentPostprocessing = 0;
		};
		748FCE2A2EB5027D0099C190 /* Frameworks */ = {
			isa = PBXFrameworksBuildPhase;
			buildActionMask = 2147483647;
			files = (
			);
			runOnlyForDeploymentPostprocessing = 0;
		};
		748FCE342EB5027D0099C190 /* Frameworks */ = {
			isa = PBXFrameworksBuildPhase;
			buildActionMask = 2147483647;
			files = (
			);
			runOnlyForDeploymentPostprocessing = 0;
		};
/* End PBXFrameworksBuildPhase section */

/* Begin PBXGroup section */
		748FCE122EB5027A0099C190 = {
			isa = PBXGroup;
			children = (
				748FCE1D2EB5027B0099C190 /* ComTab */,
				748FCE302EB5027D0099C190 /* ComTabTests */,
				748FCE3A2EB5027D0099C190 /* ComTabUITests */,
				748FCE1C2EB5027B0099C190 /* Products */,
				74ADB2992EF8287D00FA6DAD /* CommandTab.icon */,
			);
			sourceTree = "<group>";
		};
		748FCE1C2EB5027B0099C190 /* Products */ = {
			isa = PBXGroup;
			children = (
				748FCE1B2EB5027B0099C190 /* Command Reopen.app */,
				748FCE2D2EB5027D0099C190 /* ComTabTests.xctest */,
				748FCE372EB5027D0099C190 /* ComTabUITests.xctest */,
			);
			name = Products;
			sourceTree = "<group>";
		};
/* End PBXGroup section */

/* Begin PBXNativeTarget section */
		748FCE1A2EB5027A0099C190 /* Command Reopen */ = {
			isa = PBXNativeTarget;
			buildConfigurationList = 748FCE412EB5027D0099C190 /* Build configuration list for PBXNativeTarget "Command Reopen" */;
			buildPhases = (
				748FCE172EB5027A0099C190 /* Sources */,
				748FCE182EB5027A0099C190 /* Frameworks */,
				748FCE192EB5027A0099C190 /* Resources */,
			);
			buildRules = (
			);
			dependencies = (
			);
			fileSystemSynchronizedGroups = (
				748FCE1D2EB5027B0099C190 /* ComTab */,
			);
			name = "Command Reopen";
			packageProductDependencies = (
			);
			productName = ComTab;
			productReference = 748FCE1B2EB5027B0099C190 /* Command Reopen.app */;
			productType = "com.apple.product-type.application";
		};
		748FCE2C2EB5027D0099C190 /* ComTabTests */ = {
			isa = PBXNativeTarget;
			buildConfigurationList = 748FCE442EB5027D0099C190 /* Build configuration list for PBXNativeTarget "ComTabTests" */;
			buildPhases = (
				748FCE292EB5027D0099C190 /* Sources */,
				748FCE2A2EB5027D0099C190 /* Frameworks */,
				748FCE2B2EB5027D0099C190 /* Resources */,
			);
			buildRules = (
			);
			dependencies = (
				748FCE2F2EB5027D0099C190 /* PBXTargetDependency */,
			);
			fileSystemSynchronizedGroups = (
				748FCE302EB5027D0099C190 /* ComTabTests */,
			);
			name = ComTabTests;
			packageProductDependencies = (
			);
			productName = ComTabTests;
			productReference = 748FCE2D2EB5027D0099C190 /* ComTabTests.xctest */;
			productType = "com.apple.product-type.bundle.unit-test";
		};
		748FCE362EB5027D0099C190 /* ComTabUITests */ = {
			isa = PBXNativeTarget;
			buildConfigurationList = 748FCE472EB5027D0099C190 /* Build configuration list for PBXNativeTarget "ComTabUITests" */;
			buildPhases = (
				748FCE332EB5027D0099C190 /* Sources */,
				748FCE342EB5027D0099C190 /* Frameworks */,
				748FCE352EB5027D0099C190 /* Resources */,
			);
			buildRules = (
			);
			dependencies = (
				748FCE392EB5027D0099C190 /* PBXTargetDependency */,
			);
			fileSystemSynchronizedGroups = (
				748FCE3A2EB5027D0099C190 /* ComTabUITests */,
			);
			name = ComTabUITests;
			packageProductDependencies = (
			);
			productName = ComTabUITests;
			productReference = 748FCE372EB5027D0099C190 /* ComTabUITests.xctest */;
			productType = "com.apple.product-type.bundle.ui-testing";
		};
/* End PBXNativeTarget section */

/* Begin PBXProject section */
		748FCE132EB5027A0099C190 /* Project object */ = {
			isa = PBXProject;
			attributes = {
				BuildIndependentTargetsInParallel = 1;
				LastSwiftUpdateCheck = 2600;
				LastUpgradeCheck = 2620;
				TargetAttributes = {
					748FCE1A2EB5027A0099C190 = {
						CreatedOnToolsVersion = 26.0.1;
					};
					748FCE2C2EB5027D0099C190 = {
						CreatedOnToolsVersion = 26.0.1;
						TestTargetID = 748FCE1A2EB5027A0099C190;
					};
					748FCE362EB5027D0099C190 = {
						CreatedOnToolsVersion = 26.0.1;
						TestTargetID = 748FCE1A2EB5027A0099C190;
					};
				};
			};
			buildConfigurationList = 748FCE162EB5027A0099C190 /* Build configuration list for PBXProject "ComTab" */;
			developmentRegion = en;
			hasScannedForEncodings = 0;
			knownRegions = (
				en,
				Base,
			);
			mainGroup = 748FCE122EB5027A0099C190;
			minimizedProjectReferenceProxies = 1;
			preferredProjectObjectVersion = 77;
			productRefGroup = 748FCE1C2EB5027B0099C190 /* Products */;
			projectDirPath = "";
			projectRoot = "";
			targets = (
				748FCE1A2EB5027A0099C190 /* Command Reopen */,
				748FCE2C2EB5027D0099C190 /* ComTabTests */,
				748FCE362EB5027D0099C190 /* ComTabUITests */,
			);
		};
/* End PBXProject section */

/* Begin PBXResourcesBuildPhase section */
		748FCE192EB5027A0099C190 /* Resources */ = {
			isa = PBXResourcesBuildPhase;
			buildActionMask = 2147483647;
			files = (
				74ADB29B2EF8287D00FA6DAD /* CommandTab.icon in Resources */,
			);
			runOnlyForDeploymentPostprocessing = 0;
		};
		748FCE2B2EB5027D0099C190 /* Resources */ = {
			isa = PBXResourcesBuildPhase;
			buildActionMask = 2147483647;
			files = (
				74ADB29A2EF8287D00FA6DAD /* CommandTab.icon in Resources */,
			);
			runOnlyForDeploymentPostprocessing = 0;
		};
		748FCE352EB5027D0099C190 /* Resources */ = {
			isa = PBXResourcesBuildPhase;
			buildActionMask = 2147483647;
			files = (
				74ADB29C2EF8287D00FA6DAD /* CommandTab.icon in Resources */,
			);
			runOnlyForDeploymentPostprocessing = 0;
		};
/* End PBXResourcesBuildPhase section */

/* Begin PBXSourcesBuildPhase section */
		748FCE172EB5027A0099C190 /* Sources */ = {
			isa = PBXSourcesBuildPhase;
			buildActionMask = 2147483647;
			files = (
			);
			runOnlyForDeploymentPostprocessing = 0;
		};
		748FCE292EB5027D0099C190 /* Sources */ = {
			isa = PBXSourcesBuildPhase;
			buildActionMask = 2147483647;
			files = (
			);
			runOnlyForDeploymentPostprocessing = 0;
		};
		748FCE332EB5027D0099C190 /* Sources */ = {
			isa = PBXSourcesBuildPhase;
			buildActionMask = 2147483647;
			files = (
			);
			runOnlyForDeploymentPostprocessing = 0;
		};
/* End PBXSourcesBuildPhase section */

/* Begin PBXTargetDependency section */
		748FCE2F2EB5027D0099C190 /* PBXTargetDependency */ = {
			isa = PBXTargetDependency;
			target = 748FCE1A2EB5027A0099C190 /* Command Reopen */;
			targetProxy = 748FCE2E2EB5027D0099C190 /* PBXContainerItemProxy */;
		};
		748FCE392EB5027D0099C190 /* PBXTargetDependency */ = {
			isa = PBXTargetDependency;
			target = 748FCE1A2EB5027A0099C190 /* Command Reopen */;
			targetProxy = 748FCE382EB5027D0099C190 /* PBXContainerItemProxy */;
		};
/* End PBXTargetDependency section */

/* Begin XCBuildConfiguration section */
		748FCE3F2EB5027D0099C190 /* Debug */ = {
			isa = XCBuildConfiguration;
			buildSettings = {
				ALWAYS_SEARCH_USER_PATHS = NO;
				ASSETCATALOG_COMPILER_GENERATE_SWIFT_ASSET_SYMBOL_EXTENSIONS = YES;
				CLANG_ANALYZER_NONNULL = YES;
				CLANG_ANALYZER_NUMBER_OBJECT_CONVERSION = YES_AGGRESSIVE;
				CLANG_CXX_LANGUAGE_STANDARD = "gnu++20";
				CLANG_ENABLE_MODULES = YES;
				CLANG_ENABLE_OBJC_ARC = YES;
				CLANG_ENABLE_OBJC_WEAK = YES;
				CLANG_WARN_BLOCK_CAPTURE_AUTORELEASING = YES;
				CLANG_WARN_BOOL_CONVERSION = YES;
				CLANG_WARN_COMMA = YES;
				CLANG_WARN_CONSTANT_CONVERSION = YES;
				CLANG_WARN_DEPRECATED_OBJC_IMPLEMENTATIONS = YES;
				CLANG_WARN_DIRECT_OBJC_ISA_USAGE = YES_ERROR;
				CLANG_WARN_DOCUMENTATION_COMMENTS = YES;
				CLANG_WARN_EMPTY_BODY = YES;
				CLANG_WARN_ENUM_CONVERSION = YES;
				CLANG_WARN_INFINITE_RECURSION = YES;
				CLANG_WARN_INT_CONVERSION = YES;
				CLANG_WARN_NON_LITERAL_NULL_CONVERSION = YES;
				CLANG_WARN_OBJC_IMPLICIT_RETAIN_SELF = YES;
				CLANG_WARN_OBJC_LITERAL_CONVERSION = YES;
				CLANG_WARN_OBJC_ROOT_CLASS = YES_ERROR;
				CLANG_WARN_QUOTED_INCLUDE_IN_FRAMEWORK_HEADER = YES;
				CLANG_WARN_RANGE_LOOP_ANALYSIS = YES;
				CLANG_WARN_STRICT_PROTOTYPES = YES;
				CLANG_WARN_SUSPICIOUS_MOVE = YES;
				CLANG_WARN_UNGUARDED_AVAILABILITY = YES_AGGRESSIVE;
				CLANG_WARN_UNREACHABLE_CODE = YES;
				CLANG_WARN__DUPLICATE_METHOD_MATCH = YES;
				COPY_PHASE_STRIP = NO;
				DEAD_CODE_STRIPPING = YES;
				DEBUG_INFORMATION_FORMAT = dwarf;
				DEVELOPMENT_TEAM = Q3DZRXLGA3;
				ENABLE_STRICT_OBJC_MSGSEND = YES;
				ENABLE_TESTABILITY = YES;
				ENABLE_USER_SCRIPT_SANDBOXING = YES;
				GCC_C_LANGUAGE_STANDARD = gnu17;
				GCC_DYNAMIC_NO_PIC = NO;
				GCC_NO_COMMON_BLOCKS = YES;
				GCC_OPTIMIZATION_LEVEL = 0;
				GCC_PREPROCESSOR_DEFINITIONS = (
					"DEBUG=1",
					"$(inherited)",
				);
				GCC_WARN_64_TO_32_BIT_CONVERSION = YES;
				GCC_WARN_ABOUT_RETURN_TYPE = YES_ERROR;
				GCC_WARN_UNDECLARED_SELECTOR = YES;
				GCC_WARN_UNINITIALIZED_AUTOS = YES_AGGRESSIVE;
				GCC_WARN_UNUSED_FUNCTION = YES;
				GCC_WARN_UNUSED_VARIABLE = YES;
				LOCALIZATION_PREFERS_STRING_CATALOGS = YES;
				MACOSX_DEPLOYMENT_TARGET = 12.0;
				MTL_ENABLE_DEBUG_INFO = INCLUDE_SOURCE;
				MTL_FAST_MATH = YES;
				ONLY_ACTIVE_ARCH = YES;
				PRODUCT_NAME = CommandReopen;
				SDKROOT = macosx;
				STRING_CATALOG_GENERATE_SYMBOLS = YES;
				SWIFT_ACTIVE_COMPILATION_CONDITIONS = "DEBUG $(inherited)";
				SWIFT_OPTIMIZATION_LEVEL = "-Onone";
			};
			name = Debug;
		};
		748FCE402EB5027D0099C190 /* Release */ = {
			isa = XCBuildConfiguration;
			buildSettings = {
				ALWAYS_SEARCH_USER_PATHS = NO;
				ASSETCATALOG_COMPILER_GENERATE_SWIFT_ASSET_SYMBOL_EXTENSIONS = YES;
				CLANG_ANALYZER_NONNULL = YES;
				CLANG_ANALYZER_NUMBER_OBJECT_CONVERSION = YES_AGGRESSIVE;
				CLANG_CXX_LANGUAGE_STANDARD = "gnu++20";
				CLANG_ENABLE_MODULES = YES;
				CLANG_ENABLE_OBJC_ARC = YES;
				CLANG_ENABLE_OBJC_WEAK = YES;
				CLANG_WARN_BLOCK_CAPTURE_AUTORELEASING = YES;
				CLANG_WARN_BOOL_CONVERSION = YES;
				CLANG_WARN_COMMA = YES;
				CLANG_WARN_CONSTANT_CONVERSION = YES;
				CLANG_WARN_DEPRECATED_OBJC_IMPLEMENTATIONS = YES;
				CLANG_WARN_DIRECT_OBJC_ISA_USAGE = YES_ERROR;
				CLANG_WARN_DOCUMENTATION_COMMENTS = YES;
				CLANG_WARN_EMPTY_BODY = YES;
				CLANG_WARN_ENUM_CONVERSION = YES;
				CLANG_WARN_INFINITE_RECURSION = YES;
				CLANG_WARN_INT_CONVERSION = YES;
				CLANG_WARN_NON_LITERAL_NULL_CONVERSION = YES;
				CLANG_WARN_OBJC_IMPLICIT_RETAIN_SELF = YES;
				CLANG_WARN_OBJC_LITERAL_CONVERSION = YES;
				CLANG_WARN_OBJC_ROOT_CLASS = YES_ERROR;
				CLANG_WARN_QUOTED_INCLUDE_IN_FRAMEWORK_HEADER = YES;
				CLANG_WARN_RANGE_LOOP_ANALYSIS = YES;
				CLANG_WARN_STRICT_PROTOTYPES = YES;
				CLANG_WARN_SUSPICIOUS_MOVE = YES;
				CLANG_WARN_UNGUARDED_AVAILABILITY = YES_AGGRESSIVE;
				CLANG_WARN_UNREACHABLE_CODE = YES;
				CLANG_WARN__DUPLICATE_METHOD_MATCH = YES;
				COPY_PHASE_STRIP = NO;
				DEAD_CODE_STRIPPING = YES;
				DEBUG_INFORMATION_FORMAT = "dwarf-with-dsym";
				DEVELOPMENT_TEAM = Q3DZRXLGA3;
				ENABLE_NS_ASSERTIONS = NO;
				ENABLE_STRICT_OBJC_MSGSEND = YES;
				ENABLE_USER_SCRIPT_SANDBOXING = YES;
				GCC_C_LANGUAGE_STANDARD = gnu17;
				GCC_NO_COMMON_BLOCKS = YES;
				GCC_WARN_64_TO_32_BIT_CONVERSION = YES;
				GCC_WARN_ABOUT_RETURN_TYPE = YES_ERROR;
				GCC_WARN_UNDECLARED_SELECTOR = YES;
				GCC_WARN_UNINITIALIZED_AUTOS = YES_AGGRESSIVE;
				GCC_WARN_UNUSED_FUNCTION = YES;
				GCC_WARN_UNUSED_VARIABLE = YES;
				LOCALIZATION_PREFERS_STRING_CATALOGS = YES;
				MACOSX_DEPLOYMENT_TARGET = 26.0;
				MTL_ENABLE_DEBUG_INFO = NO;
				MTL_FAST_MATH = YES;
				ONLY_ACTIVE_ARCH = YES;
				PRODUCT_NAME = CommandReopen;
				SDKROOT = macosx;
				STRING_CATALOG_GENERATE_SYMBOLS = YES;
				SWIFT_COMPILATION_MODE = wholemodule;
			};
			name = Release;
		};
		748FCE422EB5027D0099C190 /* Debug */ = {
			isa = XCBuildConfiguration;
			buildSettings = {
				ASSETCATALOG_COMPILER_APPICON_NAME = AppIcon;
				ASSETCATALOG_COMPILER_GLOBAL_ACCENT_COLOR_NAME = AccentColor;
				ASSETCATALOG_COMPILER_INCLUDE_ALL_APPICON_ASSETS = NO;
				"CODE_SIGN_IDENTITY[sdk=macosx*]" = "Apple Development";
				CODE_SIGN_STYLE = Automatic;
				COMBINE_HIDPI_IMAGES = YES;
				CURRENT_PROJECT_VERSION = 1;
				DEAD_CODE_STRIPPING = YES;
				DEVELOPMENT_TEAM = Q3DZRXLGA3;
				ENABLE_APP_SANDBOX = YES;
				ENABLE_HARDENED_RUNTIME = YES;
				ENABLE_INCOMING_NETWORK_CONNECTIONS = NO;
				ENABLE_OUTGOING_NETWORK_CONNECTIONS = NO;
				ENABLE_PREVIEWS = YES;
				ENABLE_RESOURCE_ACCESS_AUDIO_INPUT = NO;
				ENABLE_RESOURCE_ACCESS_BLUETOOTH = NO;
				ENABLE_RESOURCE_ACCESS_CALENDARS = NO;
				ENABLE_RESOURCE_ACCESS_CAMERA = NO;
				ENABLE_RESOURCE_ACCESS_CONTACTS = NO;
				ENABLE_RESOURCE_ACCESS_LOCATION = NO;
				ENABLE_RESOURCE_ACCESS_PRINTING = NO;
				ENABLE_RESOURCE_ACCESS_USB = NO;
				ENABLE_USER_SELECTED_FILES = readonly;
				GENERATE_INFOPLIST_FILE = YES;
				INFOPLIST_KEY_CFBundleDisplayName = "Command Reopen";
				INFOPLIST_KEY_CFBundleName = "Command Reopen";
				INFOPLIST_KEY_LSApplicationCategoryType = "public.app-category.productivity";
				INFOPLIST_KEY_NSHumanReadableCopyright = "";
				LD_RUNPATH_SEARCH_PATHS = (
					"$(inherited)",
					"@executable_path/../Frameworks",
				);
				MACOSX_DEPLOYMENT_TARGET = 12.0;
				MARKETING_VERSION = 0.1.0;
				PRODUCT_BUNDLE_IDENTIFIER = com.dev.kkuk.CommandReopen;
				PRODUCT_NAME = "$(TARGET_NAME)";
				REGISTER_APP_GROUPS = YES;
				STRING_CATALOG_GENERATE_SYMBOLS = YES;
				SWIFT_APPROACHABLE_CONCURRENCY = YES;
				SWIFT_DEFAULT_ACTOR_ISOLATION = MainActor;
				SWIFT_EMIT_LOC_STRINGS = YES;
				SWIFT_UPCOMING_FEATURE_MEMBER_IMPORT_VISIBILITY = YES;
				SWIFT_VERSION = 5.0;
			};
			name = Debug;
		};
		748FCE432EB5027D0099C190 /* Release */ = {
			isa = XCBuildConfiguration;
			buildSettings = {
				ASSETCATALOG_COMPILER_APPICON_NAME = AppIcon;
				ASSETCATALOG_COMPILER_GLOBAL_ACCENT_COLOR_NAME = AccentColor;
				ASSETCATALOG_COMPILER_INCLUDE_ALL_APPICON_ASSETS = NO;
				"CODE_SIGN_IDENTITY[sdk=macosx*]" = "Apple Development";
				CODE_SIGN_STYLE = Automatic;
				COMBINE_HIDPI_IMAGES = YES;
				CURRENT_PROJECT_VERSION = 1;
				DEAD_CODE_STRIPPING = YES;
				DEVELOPMENT_TEAM = Q3DZRXLGA3;
				ENABLE_APP_SANDBOX = YES;
				ENABLE_HARDENED_RUNTIME = YES;
				ENABLE_INCOMING_NETWORK_CONNECTIONS = NO;
				ENABLE_OUTGOING_NETWORK_CONNECTIONS = NO;
				ENABLE_PREVIEWS = YES;
				ENABLE_RESOURCE_ACCESS_AUDIO_INPUT = NO;
				ENABLE_RESOURCE_ACCESS_BLUETOOTH = NO;
				ENABLE_RESOURCE_ACCESS_CALENDARS = NO;
				ENABLE_RESOURCE_ACCESS_CAMERA = NO;
				ENABLE_RESOURCE_ACCESS_CONTACTS = NO;
				ENABLE_RESOURCE_ACCESS_LOCATION = NO;
				ENABLE_RESOURCE_ACCESS_PRINTING = NO;
				ENABLE_RESOURCE_ACCESS_USB = NO;
				ENABLE_USER_SELECTED_FILES = readonly;
				GENERATE_INFOPLIST_FILE = YES;
				INFOPLIST_KEY_CFBundleDisplayName = "Command Reopen";
				INFOPLIST_KEY_CFBundleName = "Command Reopen";
				INFOPLIST_KEY_LSApplicationCategoryType = "public.app-category.productivity";
				INFOPLIST_KEY_NSHumanReadableCopyright = "";
				LD_RUNPATH_SEARCH_PATHS = (
					"$(inherited)",
					"@executable_path/../Frameworks",
				);
				MACOSX_DEPLOYMENT_TARGET = 12.0;
				MARKETING_VERSION = 0.1.0;
				PRODUCT_BUNDLE_IDENTIFIER = com.dev.kkuk.CommandReopen;
				PRODUCT_NAME = "$(TARGET_NAME)";
				REGISTER_APP_GROUPS = YES;
				STRING_CATALOG_GENERATE_SYMBOLS = YES;
				SWIFT_APPROACHABLE_CONCURRENCY = YES;
				SWIFT_DEFAULT_ACTOR_ISOLATION = MainActor;
				SWIFT_EMIT_LOC_STRINGS = YES;
				SWIFT_UPCOMING_FEATURE_MEMBER_IMPORT_VISIBILITY = YES;
				SWIFT_VERSION = 5.0;
			};
			name = Release;
		};
		748FCE452EB5027D0099C190 /* Debug */ = {
			isa = XCBuildConfiguration;
			buildSettings = {
				BUNDLE_LOADER = "$(TEST_HOST)";
				CODE_SIGN_STYLE = Automatic;
				CURRENT_PROJECT_VERSION = 1;
				DEAD_CODE_STRIPPING = YES;
				DEVELOPMENT_TEAM = Q3DZRXLGA3;
				GENERATE_INFOPLIST_FILE = YES;
				MACOSX_DEPLOYMENT_TARGET = 11.0;
				MARKETING_VERSION = 1.0;
				PRODUCT_BUNDLE_IDENTIFIER = com.NewWorld.ComTabTests;
				PRODUCT_NAME = "$(TARGET_NAME)";
				STRING_CATALOG_GENERATE_SYMBOLS = NO;
				SWIFT_APPROACHABLE_CONCURRENCY = YES;
				SWIFT_EMIT_LOC_STRINGS = NO;
				SWIFT_UPCOMING_FEATURE_MEMBER_IMPORT_VISIBILITY = YES;
				SWIFT_VERSION = 5.0;
				TEST_HOST = "$(BUILT_PRODUCTS_DIR)/Command Reopen.app/$(BUNDLE_EXECUTABLE_FOLDER_PATH)/Command Reopen";
			};
			name = Debug;
		};
		748FCE462EB5027D0099C190 /* Release */ = {
			isa = XCBuildConfiguration;
			buildSettings = {
				BUNDLE_LOADER = "$(TEST_HOST)";
				CODE_SIGN_STYLE = Automatic;
				CURRENT_PROJECT_VERSION = 1;
				DEAD_CODE_STRIPPING = YES;
				DEVELOPMENT_TEAM = Q3DZRXLGA3;
				GENERATE_INFOPLIST_FILE = YES;
				MACOSX_DEPLOYMENT_TARGET = 11.0;
				MARKETING_VERSION = 1.0;
				PRODUCT_BUNDLE_IDENTIFIER = com.NewWorld.ComTabTests;
				PRODUCT_NAME = "$(TARGET_NAME)";
				STRING_CATALOG_GENERATE_SYMBOLS = NO;
				SWIFT_APPROACHABLE_CONCURRENCY = YES;
				SWIFT_EMIT_LOC_STRINGS = NO;
				SWIFT_UPCOMING_FEATURE_MEMBER_IMPORT_VISIBILITY = YES;
				SWIFT_VERSION = 5.0;
				TEST_HOST = "$(BUILT_PRODUCTS_DIR)/Command Reopen.app/$(BUNDLE_EXECUTABLE_FOLDER_PATH)/Command Reopen";
			};
			name = Release;
		};
		748FCE482EB5027D0099C190 /* Debug */ = {
			isa = XCBuildConfiguration;
			buildSettings = {
				CODE_SIGN_STYLE = Automatic;
				CURRENT_PROJECT_VERSION = 1;
				DEAD_CODE_STRIPPING = YES;
				DEVELOPMENT_TEAM = Q3DZRXLGA3;
				GENERATE_INFOPLIST_FILE = YES;
				MACOSX_DEPLOYMENT_TARGET = 11.0;
				MARKETING_VERSION = 1.0;
				PRODUCT_BUNDLE_IDENTIFIER = com.NewWorld.ComTabUITests;
				PRODUCT_NAME = "$(TARGET_NAME)";
				STRING_CATALOG_GENERATE_SYMBOLS = NO;
				SWIFT_APPROACHABLE_CONCURRENCY = YES;
				SWIFT_EMIT_LOC_STRINGS = NO;
				SWIFT_UPCOMING_FEATURE_MEMBER_IMPORT_VISIBILITY = YES;
				SWIFT_VERSION = 5.0;
				TEST_TARGET_NAME = "Command Reopen";
			};
			name = Debug;
		};
		748FCE492EB5027D0099C190 /* Release */ = {
			isa = XCBuildConfiguration;
			buildSettings = {
				CODE_SIGN_STYLE = Automatic;
				CURRENT_PROJECT_VERSION = 1;
				DEAD_CODE_STRIPPING = YES;
				DEVELOPMENT_TEAM = Q3DZRXLGA3;
				GENERATE_INFOPLIST_FILE = YES;
				MACOSX_DEPLOYMENT_TARGET = 11.0;
				MARKETING_VERSION = 1.0;
				PRODUCT_BUNDLE_IDENTIFIER = com.NewWorld.ComTabUITests;
				PRODUCT_NAME = "$(TARGET_NAME)";
				STRING_CATALOG_GENERATE_SYMBOLS = NO;
				SWIFT_APPROACHABLE_CONCURRENCY = YES;
				SWIFT_EMIT_LOC_STRINGS = NO;
				SWIFT_UPCOMING_FEATURE_MEMBER_IMPORT_VISIBILITY = YES;
				SWIFT_VERSION = 5.0;
				TEST_TARGET_NAME = "Command Reopen";
			};
			name = Release;
		};
/* End XCBuildConfiguration section */

/* Begin XCConfigurationList section */
		748FCE162EB5027A0099C190 /* Build configuration list for PBXProject "ComTab" */ = {
			isa = XCConfigurationList;
			buildConfigurations = (
				748FCE3F2EB5027D0099C190 /* Debug */,
				748FCE402EB5027D0099C190 /* Release */,
			);
			defaultConfigurationIsVisible = 0;
			defaultConfigurationName = Release;
		};
		748FCE412EB5027D0099C190 /* Build configuration list for PBXNativeTarget "Command Reopen" */ = {
			isa = XCConfigurationList;
			buildConfigurations = (
				748FCE422EB5027D0099C190 /* Debug */,
				748FCE432EB5027D0099C190 /* Release */,
			);
			defaultConfigurationIsVisible = 0;
			defaultConfigurationName = Release;
		};
		748FCE442EB5027D0099C190 /* Build configuration list for PBXNativeTarget "ComTabTests" */ = {
			isa = XCConfigurationList;
			buildConfigurations = (
				748FCE452EB5027D0099C190 /* Debug */,
				748FCE462EB5027D0099C190 /* Release */,
			);
			defaultConfigurationIsVisible = 0;
			defaultConfigurationName = Release;
		};
		748FCE472EB5027D0099C190 /* Build configuration list for PBXNativeTarget "ComTabUITests" */ = {
			isa = XCConfigurationList;
			buildConfigurations = (
				748FCE482EB5027D0099C190 /* Debug */,
				748FCE492EB5027D0099C190 /* Release */,
			);
			defaultConfigurationIsVisible = 0;
			defaultConfigurationName = Release;
		};
/* End XCConfigurationList section */
	};
	rootObject = 748FCE132EB5027A0099C190 /* Project object */;
}
